{
  "nodes": {
    "flake-parts": {
      "inputs": {
        "nixpkgs-lib": "nixpkgs-lib"
      },
      "locked": {
        "lastModified": 1738453229,
        "narHash": "sha256-7H9XgNiGLKN1G1CgRh0vUL4AheZSYzPm+zmZ7vxbJdo=",
        "owner": "hercules-ci",
        "repo": "flake-parts",
        "rev": "32ea77a06711b758da0ad9bd6a844c5740a87abd",
        "type": "github"
      },
      "original": {
        "owner": "hercules-ci",
        "repo": "flake-parts",
        "type": "github"
      }
    },
    "nixpkgs": {
      "locked": {
        "lastModified": 1739923778,
        "narHash": "sha256-BqUY8tz0AQ4to2Z4+uaKczh81zsGZSYxjgvtw+fvIfM=",
        "owner": "NixOS",
        "repo": "nixpkgs",
        "rev": "36864ed72f234b9540da4cf7a0c49e351d30d3f1",
        "type": "github"
      },
      "original": {
        "owner": "NixOS",
        "ref": "nixos-24.11",
        "repo": "nixpkgs",
        "type": "github"
      }
    },
    "nixpkgs-lib": {
      "locked": {
        "lastModified": 1738452942,
        "narHash": "sha256-vJzFZGaCpnmo7I6i416HaBLpC+hvcURh/BQwROcGIp8=",
        "type": "tarball",
        "url": "https://github.com/NixOS/nixpkgs/archive/072a6db25e947df2f31aab9eccd0ab75d5b2da11.tar.gz"
      },
      "original": {
        "type": "tarball",
        "url": "https://github.com/NixOS/nixpkgs/archive/072a6db25e947df2f31aab9eccd0ab75d5b2da11.tar.gz"
      }
    },
    "nixpkgs_2": {
      "locked": {
        "lastModified": 1735554305,
        "narHash": "sha256-zExSA1i/b+1NMRhGGLtNfFGXgLtgo+dcuzHzaWA6w3Q=",
        "owner": "nixos",
        "repo": "nixpkgs",
        "rev": "0e82ab234249d8eee3e8c91437802b32c74bb3fd",
        "type": "github"
      },
      "original": {
        "owner": "nixos",
        "ref": "nixpkgs-unstable",
        "repo": "nixpkgs",
        "type": "github"
      }
    },
    "root": {
      "inputs": {
        "flake-parts": "flake-parts",
        "nixpkgs": "nixpkgs",
        "treefmt-nix": "treefmt-nix",
        "valeJoblint": "valeJoblint",
        "valeMicrosoft": "valeMicrosoft",
        "valeWriteGood": "valeWriteGood"
      }
    },
    "treefmt-nix": {
      "inputs": {
        "nixpkgs": "nixpkgs_2"
      },
      "locked": {
        "lastModified": 1739829690,
        "narHash": "sha256-mL1szCeIsjh6Khn3nH2cYtwO5YXG6gBiTw1A30iGeDU=",
        "owner": "numtide",
        "repo": "treefmt-nix",
        "rev": "3d0579f5cc93436052d94b73925b48973a104204",
        "type": "github"
      },
      "original": {
        "owner": "numtide",
        "repo": "treefmt-nix",
        "type": "github"
      }
    },
    "valeJoblint": {
      "flake": false,
      "locked": {
        "lastModified": 1732168056,
        "narHash": "sha256-q0wKokQQaQ6eW+vxBffVZievGfnirRtP8Amm5R3Qrqk=",
        "owner": "errata-ai",
        "repo": "Joblint",
        "rev": "4543f55f33addef59a217ccbd7b4ff643789fafd",
        "type": "github"
      },
      "original": {
        "owner": "errata-ai",
        "repo": "Joblint",
        "type": "github"
      }
    },
    "valeMicrosoft": {
      "flake": false,
      "locked": {
        "lastModified": 1714434300,
        "narHash": "sha256-4j05bIGAVEy6untUqtrUxdLKlhyOcJsbcsow8OxRp1A=",
        "owner": "errata-ai",
        "repo": "Microsoft",
        "rev": "c798f131106d77c136a3c1b5fa4916dee1de8edd",
        "type": "github"
      },
      "original": {
        "owner": "errata-ai",
        "repo": "Microsoft",
        "type": "github"
      }
    },
    "valeWriteGood": {
      "flake": false,
      "locked": {
        "lastModified": 1732168114,
        "narHash": "sha256-JPlCqYXWO5gROVBMaJTFWb0weSKOPxBwqwZ3u53Gpd8=",
        "owner": "errata-ai",
        "repo": "write-good",
        "rev": "f0bcf92d9870bce0be6316c24378592d3a11edb8",
        "type": "github"
      },
      "original": {
        "owner": "errata-ai",
        "repo": "write-good",
        "type": "github"
      }
    }
  },
  "root": "root",
  "version": 7
}
